
Microsoft Visual Studio Solution File, Format Version 12.00
# Visual Studio Version 17
VisualStudioVersion = 17.12.35506.116
MinimumVisualStudioVersion = 10.0.40219.1
Project("{FAE04EC0-301F-11D3-BF4B-00C04F79EFBC}") = "ARM.WebApi", "ARM.Server\ARM.WebApi.csproj", "{A5A5DC79-4702-43E1-BCC0-8C6FB6417FFB}"
EndProject
Project("{54A90642-561A-4BB1-A94E-469ADEE60C69}") = "ARM.Vue", "arm.client\ARM.Vue.esproj", "{4DD0369C-11F1-46B6-84B4-C57C27731CA8}"
EndProject
Project("{FAE04EC0-301F-11D3-BF4B-00C04F79EFBC}") = "ARM.Core", "ARM.Core\ARM.Core.csproj", "{DD82EBEF-671E-4384-9B23-FC58527DD3A7}"
EndProject
Project("{FAE04EC0-301F-11D3-BF4B-00C04F79EFBC}") = "ARM.DAL", "ARM.DAL\ARM.DAL.csproj", "{F5E2630F-5709-4D81-8F4E-EC4828CBF684}"
EndProject
Global
	GlobalSection(SolutionConfigurationPlatforms) = preSolution
		Debug|Any CPU = Debug|Any CPU
		Release|Any CPU = Release|Any CPU
	EndGlobalSection
	GlobalSection(ProjectConfigurationPlatforms) = postSolution
		{A5A5DC79-4702-43E1-BCC0-8C6FB6417FFB}.Debug|Any CPU.ActiveCfg = Debug|Any CPU
		{A5A5DC79-4702-43E1-BCC0-8C6FB6417FFB}.Debug|Any CPU.Build.0 = Debug|Any CPU
		{A5A5DC79-4702-43E1-BCC0-8C6FB6417FFB}.Release|Any CPU.ActiveCfg = Release|Any CPU
		{A5A5DC79-4702-43E1-BCC0-8C6FB6417FFB}.Release|Any CPU.Build.0 = Release|Any CPU
		{4DD0369C-11F1-46B6-84B4-C57C27731CA8}.Debug|Any CPU.ActiveCfg = Debug|Any CPU
		{4DD0369C-11F1-46B6-84B4-C57C27731CA8}.Debug|Any CPU.Build.0 = Debug|Any CPU
		{4DD0369C-11F1-46B6-84B4-C57C27731CA8}.Debug|Any CPU.Deploy.0 = Debug|Any CPU
		{4DD0369C-11F1-46B6-84B4-C57C27731CA8}.Release|Any CPU.ActiveCfg = Release|Any CPU
		{4DD0369C-11F1-46B6-84B4-C57C27731CA8}.Release|Any CPU.Build.0 = Release|Any CPU
		{4DD0369C-11F1-46B6-84B4-C57C27731CA8}.Release|Any CPU.Deploy.0 = Release|Any CPU
		{DD82EBEF-671E-4384-9B23-FC58527DD3A7}.Debug|Any CPU.ActiveCfg = Debug|Any CPU
		{DD82EBEF-671E-4384-9B23-FC58527DD3A7}.Debug|Any CPU.Build.0 = Debug|Any CPU
		{DD82EBEF-671E-4384-9B23-FC58527DD3A7}.Release|Any CPU.ActiveCfg = Release|Any CPU
		{DD82EBEF-671E-4384-9B23-FC58527DD3A7}.Release|Any CPU.Build.0 = Release|Any CPU
		{F5E2630F-5709-4D81-8F4E-EC4828CBF684}.Debug|Any CPU.ActiveCfg = Debug|Any CPU
		{F5E2630F-5709-4D81-8F4E-EC4828CBF684}.Debug|Any CPU.Build.0 = Debug|Any CPU
		{F5E2630F-5709-4D81-8F4E-EC4828CBF684}.Release|Any CPU.ActiveCfg = Release|Any CPU
		{F5E2630F-5709-4D81-8F4E-EC4828CBF684}.Release|Any CPU.Build.0 = Release|Any CPU
	EndGlobalSection
	GlobalSection(SolutionProperties) = preSolution
		HideSolutionNode = FALSE
	EndGlobalSection
EndGlobal
